
Microsoft Visual Studio Solution File, Format Version 12.00
# Visual Studio 15
VisualStudioVersion = 15.0.27004.2006
MinimumVisualStudioVersion = 15.0.27004.2006
Project("{FAE04EC0-301F-11D3-BF4B-00C04F79EFBC}") = "DbMigrate", "DbMigrate\DbMigrate.csproj", "{D264496D-6E76-49D5-9002-C9948A272139}"
EndProject
Project("{FAE04EC0-301F-11D3-BF4B-00C04F79EFBC}") = "DbMigrate.Tests", "DbMigrate.Tests\DbMigrate.Tests.csproj", "{725FBC92-623D-45A3-A4F2-0F0CD218B39C}"
EndProject
Project("{2150E333-8FDC-42A3-9474-1A3956D46DE8}") = "Solution Items", "Solution Items", "{17CA0ED5-415B-44D5-AFCD-E0F8449E3E30}"
	ProjectSection(SolutionItems) = preProject
		DbMigrate.sln.DotSettings = DbMigrate.sln.DotSettings
	EndProjectSection
EndProject
Global
	GlobalSection(SolutionConfigurationPlatforms) = preSolution
		Debug|x86 = Debug|x86
		Release|x86 = Release|x86
	EndGlobalSection
	GlobalSection(ProjectConfigurationPlatforms) = postSolution
		{D264496D-6E76-49D5-9002-C9948A272139}.Debug|x86.ActiveCfg = Debug|x86
		{D264496D-6E76-49D5-9002-C9948A272139}.Debug|x86.Build.0 = Debug|x86
		{D264496D-6E76-49D5-9002-C9948A272139}.Release|x86.ActiveCfg = Release|x86
		{D264496D-6E76-49D5-9002-C9948A272139}.Release|x86.Build.0 = Release|x86
		{725FBC92-623D-45A3-A4F2-0F0CD218B39C}.Debug|x86.ActiveCfg = Debug|x86
		{725FBC92-623D-45A3-A4F2-0F0CD218B39C}.Debug|x86.Build.0 = Debug|x86
		{725FBC92-623D-45A3-A4F2-0F0CD218B39C}.Release|x86.ActiveCfg = Release|x86
		{725FBC92-623D-45A3-A4F2-0F0CD218B39C}.Release|x86.Build.0 = Release|x86
	EndGlobalSection
	GlobalSection(SolutionProperties) = preSolution
		HideSolutionNode = FALSE
	EndGlobalSection
	GlobalSection(ExtensibilityGlobals) = postSolution
		SolutionGuid = {BB38D0FD-74EF-4E2B-94A2-BF3D42C9F568}
	EndGlobalSection
	GlobalSection(TestCaseManagementSettings) = postSolution
		CategoryFile = DbMigrate.vsmdi
	EndGlobalSection
EndGlobal
